
Microsoft Visual Studio Solution File, Format Version 12.00
# Visual Studio Version 17
VisualStudioVersion = 17.7.34302.85
MinimumVisualStudioVersion = 10.0.40219.1
Project("{FAE04EC0-301F-11D3-BF4B-00C04F79EFBC}") = "Web1", "Web1.csproj", "{B1B98CD5-77CD-44CD-84D8-F9CA9708BFCD}"
EndProject
Global
	GlobalSection(SolutionConfigurationPlatforms) = preSolution
		Debug|Any CPU = Debug|Any CPU
		Release|Any CPU = Release|Any CPU
	EndGlobalSection
	GlobalSection(ProjectConfigurationPlatforms) = postSolution
		{B1B98CD5-77CD-44CD-84D8-F9CA9708BFCD}.Debug|Any CPU.ActiveCfg = Debug|Any CPU
		{B1B98CD5-77CD-44CD-84D8-F9CA9708BFCD}.Debug|Any CPU.Build.0 = Debug|Any CPU
		{B1B98CD5-77CD-44CD-84D8-F9CA9708BFCD}.Release|Any CPU.ActiveCfg = Release|Any CPU
		{B1B98CD5-77CD-44CD-84D8-F9CA9708BFCD}.Release|Any CPU.Build.0 = Release|Any CPU
	EndGlobalSection
	GlobalSection(SolutionProperties) = preSolution
		HideSolutionNode = FALSE
	EndGlobalSection
	GlobalSection(ExtensibilityGlobals) = postSolution
		SolutionGuid = {74539FD7-C0EB-4E8B-87CB-03846CA19158}
	EndGlobalSection
EndGlobal
